// !$*UTF8*$!
{
	archiveVersion = 1;
	classes = {
	};
	objectVersion = 46;
	objects = {

/* Begin PBXBuildFile section */
		350652DE1C0BEDA8004478DF /* CZDiscoveryController.m in Sources */ = {isa = PBXBuildFile; fileRef = 350652DD1C0BEDA8004478DF /* CZDiscoveryController.m */; };
		352381641C07F631003D9021 /* CZTabBarButton.m in Sources */ = {isa = PBXBuildFile; fileRef = 352381631C07F631003D9021 /* CZTabBarButton.m */; };
		3523816C1C084539003D9021 /* CZArenaController.m in Sources */ = {isa = PBXBuildFile; fileRef = 3523816B1C084539003D9021 /* CZArenaController.m */; };
		3523816F1C084608003D9021 /* CZArenaView.m in Sources */ = {isa = PBXBuildFile; fileRef = 3523816E1C084608003D9021 /* CZArenaView.m */; };
		352AB21F1C0C4766002D3446 /* CZTitleButton.m in Sources */ = {isa = PBXBuildFile; fileRef = 352AB21E1C0C4766002D3446 /* CZTitleButton.m */; };
		3536B3F61C06CABA0051C27D /* LotteryHall.storyboard in Resources */ = {isa = PBXBuildFile; fileRef = 3536B3F51C06CABA0051C27D /* LotteryHall.storyboard */; };
		3536B3F81C06CB2E0051C27D /* 笔记 in Resources */ = {isa = PBXBuildFile; fileRef = 3536B3F71C06CB2E0051C27D /* 笔记 */; };
		3536B3FB1C06CC320051C27D /* CZLotteryHallController.m in Sources */ = {isa = PBXBuildFile; fileRef = 3536B3FA1C06CC320051C27D /* CZLotteryHallController.m */; };
		3536B3FD1C06CE730051C27D /* Arena.storyboard in Resources */ = {isa = PBXBuildFile; fileRef = 3536B3FC1C06CE730051C27D /* Arena.storyboard */; };
		3536B3FF1C06CF890051C27D /* Discovery.storyboard in Resources */ = {isa = PBXBuildFile; fileRef = 3536B3FE1C06CF890051C27D /* Discovery.storyboard */; };
		3536B4011C06D3410051C27D /* History.storyboard in Resources */ = {isa = PBXBuildFile; fileRef = 3536B4001C06D3410051C27D /* History.storyboard */; };
		3536B4031C06D3880051C27D /* MyLottery.storyboard in Resources */ = {isa = PBXBuildFile; fileRef = 3536B4021C06D3880051C27D /* MyLottery.storyboard */; };
		354929331C0E852900C93DF8 /* CZWheelButton.m in Sources */ = {isa = PBXBuildFile; fileRef = 354929321C0E852900C93DF8 /* CZWheelButton.m */; };
		354929361C0EBA3D00C93DF8 /* CZMyLotterController.m in Sources */ = {isa = PBXBuildFile; fileRef = 354929351C0EBA3D00C93DF8 /* CZMyLotterController.m */; };
		354929391C0EBCE200C93DF8 /* CZLoginController.m in Sources */ = {isa = PBXBuildFile; fileRef = 354929381C0EBCE200C93DF8 /* CZLoginController.m */; };
		354929401C0EC33E00C93DF8 /* CZSettingsController.m in Sources */ = {isa = PBXBuildFile; fileRef = 3549293F1C0EC33E00C93DF8 /* CZSettingsController.m */; };
		354929431C0ED56A00C93DF8 /* CZGroup.m in Sources */ = {isa = PBXBuildFile; fileRef = 354929421C0ED56A00C93DF8 /* CZGroup.m */; };
		354929461C0ED57400C93DF8 /* CZItem.m in Sources */ = {isa = PBXBuildFile; fileRef = 354929451C0ED57400C93DF8 /* CZItem.m */; };
		354ADB761C0FD63D008B90BE /* CZItemArrow.m in Sources */ = {isa = PBXBuildFile; fileRef = 354ADB751C0FD63D008B90BE /* CZItemArrow.m */; };
		354ADB791C0FD657008B90BE /* CZItemSwitch.m in Sources */ = {isa = PBXBuildFile; fileRef = 354ADB781C0FD657008B90BE /* CZItemSwitch.m */; };
		354ADB7C1C0FDA40008B90BE /* CZRedeemCodeController.m in Sources */ = {isa = PBXBuildFile; fileRef = 354ADB7B1C0FDA40008B90BE /* CZRedeemCodeController.m */; };
		354ADB7F1C1028F7008B90BE /* CZItemCell.m in Sources */ = {isa = PBXBuildFile; fileRef = 354ADB7E1C1028F7008B90BE /* CZItemCell.m */; };
		354ADB821C103150008B90BE /* CZMorePushController.m in Sources */ = {isa = PBXBuildFile; fileRef = 354ADB811C103150008B90BE /* CZMorePushController.m */; };
		3552EFED1C0D64B60097D50B /* CZLuckyController.m in Sources */ = {isa = PBXBuildFile; fileRef = 3552EFEC1C0D64B60097D50B /* CZLuckyController.m */; };
		3552EFF01C0D66870097D50B /* CZNavController.m in Sources */ = {isa = PBXBuildFile; fileRef = 3552EFEF1C0D66870097D50B /* CZNavController.m */; };
		3552EFF31C0D8A5C0097D50B /* CZWheelView.xib in Resources */ = {isa = PBXBuildFile; fileRef = 3552EFF21C0D8A5C0097D50B /* CZWheelView.xib */; };
		3552EFF61C0D8A6F0097D50B /* CZWheelView.m in Sources */ = {isa = PBXBuildFile; fileRef = 3552EFF51C0D8A6F0097D50B /* CZWheelView.m */; };
		3552EFF91C0D8BFE0097D50B /* CZWheelController.m in Sources */ = {isa = PBXBuildFile; fileRef = 3552EFF81C0D8BFE0097D50B /* CZWheelController.m */; };
		355C52BF1C0BF97B007468AF /* CZGroupBuyController.m in Sources */ = {isa = PBXBuildFile; fileRef = 355C52BE1C0BF97B007468AF /* CZGroupBuyController.m */; };
		356B17111C06B015003AEF36 /* main.m in Sources */ = {isa = PBXBuildFile; fileRef = 356B17101C06B015003AEF36 /* main.m */; };
		356B17141C06B015003AEF36 /* AppDelegate.m in Sources */ = {isa = PBXBuildFile; fileRef = 356B17131C06B015003AEF36 /* AppDelegate.m */; };
		356B171C1C06B015003AEF36 /* Assets.xcassets in Resources */ = {isa = PBXBuildFile; fileRef = 356B171B1C06B015003AEF36 /* Assets.xcassets */; };
		356B171F1C06B015003AEF36 /* LaunchScreen.storyboard in Resources */ = {isa = PBXBuildFile; fileRef = 356B171D1C06B015003AEF36 /* LaunchScreen.storyboard */; };
		356B172A1C06B015003AEF36 /* A01_CZ__Tests.m in Sources */ = {isa = PBXBuildFile; fileRef = 356B17291C06B015003AEF36 /* A01_CZ__Tests.m */; };
		356B17351C06B015003AEF36 /* A01_CZ__UITests.m in Sources */ = {isa = PBXBuildFile; fileRef = 356B17341C06B015003AEF36 /* A01_CZ__UITests.m */; };
		356B17431C06B37F003AEF36 /* Images.xcassets in Resources */ = {isa = PBXBuildFile; fileRef = 356B17421C06B37F003AEF36 /* Images.xcassets */; };
		35C573091C06EEDB00B0207F /* UIImage+Ex.m in Sources */ = {isa = PBXBuildFile; fileRef = 35C573081C06EEDB00B0207F /* UIImage+Ex.m */; };
		35C573111C06F35400B0207F /* CZTabBarController.m in Sources */ = {isa = PBXBuildFile; fileRef = 35C573101C06F35400B0207F /* CZTabBarController.m */; };
		35C573141C06F68100B0207F /* CZTabBar.m in Sources */ = {isa = PBXBuildFile; fileRef = 35C573131C06F68100B0207F /* CZTabBar.m */; };
		35C573171C06FF0600B0207F /* UIView+Ex.m in Sources */ = {isa = PBXBuildFile; fileRef = 35C573161C06FF0600B0207F /* UIView+Ex.m */; };
/* End PBXBuildFile section */

/* Begin PBXContainerItemProxy section */
		356B17261C06B015003AEF36 /* PBXContainerItemProxy */ = {
			isa = PBXContainerItemProxy;
			containerPortal = 356B17041C06B015003AEF36 /* Project object */;
			proxyType = 1;
			remoteGlobalIDString = 356B170B1C06B015003AEF36;
			remoteInfo = "A01-CZ彩票";
		};
		356B17311C06B015003AEF36 /* PBXContainerItemProxy */ = {
			isa = PBXContainerItemProxy;
			containerPortal = 356B17041C06B015003AEF36 /* Project object */;
			proxyType = 1;
			remoteGlobalIDString = 356B170B1C06B015003AEF36;
			remoteInfo = "A01-CZ彩票";
		};
/* End PBXContainerItemProxy section */

/* Begin PBXFileReference section */
		350652DC1C0BEDA8004478DF /* CZDiscoveryController.h */ = {isa = PBXFileReference; fileEncoding = 4; lastKnownFileType = sourcecode.c.h; path = CZDiscoveryController.h; sourceTree = "<group>"; };
		350652DD1C0BEDA8004478DF /* CZDiscoveryController.m */ = {isa = PBXFileReference; fileEncoding = 4; lastKnownFileType = sourcecode.c.objc; path = CZDiscoveryController.m; sourceTree = "<group>"; };
		352381621C07F631003D9021 /* CZTabBarButton.h */ = {isa = PBXFileReference; fileEncoding = 4; lastKnownFileType = sourcecode.c.h; path = CZTabBarButton.h; sourceTree = "<group>"; };
		352381631C07F631003D9021 /* CZTabBarButton.m */ = {isa = PBXFileReference; fileEncoding = 4; lastKnownFileType = sourcecode.c.objc; path = CZTabBarButton.m; sourceTree = "<group>"; };
		3523816A1C084539003D9021 /* CZArenaController.h */ = {isa = PBXFileReference; fileEncoding = 4; lastKnownFileType = sourcecode.c.h; path = CZArenaController.h; sourceTree = "<group>"; };
		3523816B1C084539003D9021 /* CZArenaController.m */ = {isa = PBXFileReference; fileEncoding = 4; lastKnownFileType = sourcecode.c.objc; path = CZArenaController.m; sourceTree = "<group>"; };
		3523816D1C084608003D9021 /* CZArenaView.h */ = {isa = PBXFileReference; fileEncoding = 4; lastKnownFileType = sourcecode.c.h; path = CZArenaView.h; sourceTree = "<group>"; };
		3523816E1C084608003D9021 /* CZArenaView.m */ = {isa = PBXFileReference; fileEncoding = 4; lastKnownFileType = sourcecode.c.objc; path = CZArenaView.m; sourceTree = "<group>"; };
		352AB21D1C0C4766002D3446 /* CZTitleButton.h */ = {isa = PBXFileReference; fileEncoding = 4; lastKnownFileType = sourcecode.c.h; path = CZTitleButton.h; sourceTree = "<group>"; };
		352AB21E1C0C4766002D3446 /* CZTitleButton.m */ = {isa = PBXFileReference; fileEncoding = 4; lastKnownFileType = sourcecode.c.objc; path = CZTitleButton.m; sourceTree = "<group>"; };
		3536B3F51C06CABA0051C27D /* LotteryHall.storyboard */ = {isa = PBXFileReference; fileEncoding = 4; lastKnownFileType = file.storyboard; path = LotteryHall.storyboard; sourceTree = "<group>"; };
		3536B3F71C06CB2E0051C27D /* 笔记 */ = {isa = PBXFileReference; fileEncoding = 4; lastKnownFileType = text; path = "笔记"; sourceTree = "<group>"; };
		3536B3F91C06CC320051C27D /* CZLotteryHallController.h */ = {isa = PBXFileReference; fileEncoding = 4; lastKnownFileType = sourcecode.c.h; path = CZLotteryHallController.h; sourceTree = "<group>"; };
		3536B3FA1C06CC320051C27D /* CZLotteryHallController.m */ = {isa = PBXFileReference; fileEncoding = 4; lastKnownFileType = sourcecode.c.objc; path = CZLotteryHallController.m; sourceTree = "<group>"; };
		3536B3FC1C06CE730051C27D /* Arena.storyboard */ = {isa = PBXFileReference; fileEncoding = 4; lastKnownFileType = file.storyboard; path = Arena.storyboard; sourceTree = "<group>"; };
		3536B3FE1C06CF890051C27D /* Discovery.storyboard */ = {isa = PBXFileReference; fileEncoding = 4; lastKnownFileType = file.storyboard; path = Discovery.storyboard; sourceTree = "<group>"; };
		3536B4001C06D3410051C27D /* History.storyboard */ = {isa = PBXFileReference; fileEncoding = 4; lastKnownFileType = file.storyboard; path = History.storyboard; sourceTree = "<group>"; };
		3536B4021C06D3880051C27D /* MyLottery.storyboard */ = {isa = PBXFileReference; fileEncoding = 4; lastKnownFileType = file.storyboard; path = MyLottery.storyboard; sourceTree = "<group>"; };
		354929311C0E852900C93DF8 /* CZWheelButton.h */ = {isa = PBXFileReference; fileEncoding = 4; lastKnownFileType = sourcecode.c.h; path = CZWheelButton.h; sourceTree = "<group>"; };
		354929321C0E852900C93DF8 /* CZWheelButton.m */ = {isa = PBXFileReference; fileEncoding = 4; lastKnownFileType = sourcecode.c.objc; path = CZWheelButton.m; sourceTree = "<group>"; };
		354929341C0EBA3D00C93DF8 /* CZMyLotterController.h */ = {isa = PBXFileReference; fileEncoding = 4; lastKnownFileType = sourcecode.c.h; path = CZMyLotterController.h; sourceTree = "<group>"; };
		354929351C0EBA3D00C93DF8 /* CZMyLotterController.m */ = {isa = PBXFileReference; fileEncoding = 4; lastKnownFileType = sourcecode.c.objc; path = CZMyLotterController.m; sourceTree = "<group>"; };
		354929371C0EBCE200C93DF8 /* CZLoginController.h */ = {isa = PBXFileReference; fileEncoding = 4; lastKnownFileType = sourcecode.c.h; path = CZLoginController.h; sourceTree = "<group>"; };
		354929381C0EBCE200C93DF8 /* CZLoginController.m */ = {isa = PBXFileReference; fileEncoding = 4; lastKnownFileType = sourcecode.c.objc; path = CZLoginController.m; sourceTree = "<group>"; };
		3549293E1C0EC33E00C93DF8 /* CZSettingsController.h */ = {isa = PBXFileReference; fileEncoding = 4; lastKnownFileType = sourcecode.c.h; path = CZSettingsController.h; sourceTree = "<group>"; };
		3549293F1C0EC33E00C93DF8 /* CZSettingsController.m */ = {isa = PBXFileReference; fileEncoding = 4; lastKnownFileType = sourcecode.c.objc; path = CZSettingsController.m; sourceTree = "<group>"; };
		354929411C0ED56A00C93DF8 /* CZGroup.h */ = {isa = PBXFileReference; fileEncoding = 4; lastKnownFileType = sourcecode.c.h; path = CZGroup.h; sourceTree = "<group>"; };
		354929421C0ED56A00C93DF8 /* CZGroup.m */ = {isa = PBXFileReference; fileEncoding = 4; lastKnownFileType = sourcecode.c.objc; path = CZGroup.m; sourceTree = "<group>"; };
		354929441C0ED57400C93DF8 /* CZItem.h */ = {isa = PBXFileReference; fileEncoding = 4; lastKnownFileType = sourcecode.c.h; path = CZItem.h; sourceTree = "<group>"; };
		354929451C0ED57400C93DF8 /* CZItem.m */ = {isa = PBXFileReference; fileEncoding = 4; lastKnownFileType = sourcecode.c.objc; path = CZItem.m; sourceTree = "<group>"; };
		354ADB741C0FD63D008B90BE /* CZItemArrow.h */ = {isa = PBXFileReference; fileEncoding = 4; lastKnownFileType = sourcecode.c.h; path = CZItemArrow.h; sourceTree = "<group>"; };
		354ADB751C0FD63D008B90BE /* CZItemArrow.m */ = {isa = PBXFileReference; fileEncoding = 4; lastKnownFileType = sourcecode.c.objc; path = CZItemArrow.m; sourceTree = "<group>"; };
		354ADB771C0FD657008B90BE /* CZItemSwitch.h */ = {isa = PBXFileReference; fileEncoding = 4; lastKnownFileType = sourcecode.c.h; path = CZItemSwitch.h; sourceTree = "<group>"; };
		354ADB781C0FD657008B90BE /* CZItemSwitch.m */ = {isa = PBXFileReference; fileEncoding = 4; lastKnownFileType = sourcecode.c.objc; path = CZItemSwitch.m; sourceTree = "<group>"; };
		354ADB7A1C0FDA40008B90BE /* CZRedeemCodeController.h */ = {isa = PBXFileReference; fileEncoding = 4; lastKnownFileType = sourcecode.c.h; path = CZRedeemCodeController.h; sourceTree = "<group>"; };
		354ADB7B1C0FDA40008B90BE /* CZRedeemCodeController.m */ = {isa = PBXFileReference; fileEncoding = 4; lastKnownFileType = sourcecode.c.objc; path = CZRedeemCodeController.m; sourceTree = "<group>"; };
		354ADB7D1C1028F7008B90BE /* CZItemCell.h */ = {isa = PBXFileReference; fileEncoding = 4; lastKnownFileType = sourcecode.c.h; path = CZItemCell.h; sourceTree = "<group>"; };
		354ADB7E1C1028F7008B90BE /* CZItemCell.m */ = {isa = PBXFileReference; fileEncoding = 4; lastKnownFileType = sourcecode.c.objc; path = CZItemCell.m; sourceTree = "<group>"; };
		354ADB801C103150008B90BE /* CZMorePushController.h */ = {isa = PBXFileReference; fileEncoding = 4; lastKnownFileType = sourcecode.c.h; path = CZMorePushController.h; sourceTree = "<group>"; };
		354ADB811C103150008B90BE /* CZMorePushController.m */ = {isa = PBXFileReference; fileEncoding = 4; lastKnownFileType = sourcecode.c.objc; path = CZMorePushController.m; sourceTree = "<group>"; };
		3552EFEB1C0D64B60097D50B /* CZLuckyController.h */ = {isa = PBXFileReference; fileEncoding = 4; lastKnownFileType = sourcecode.c.h; path = CZLuckyController.h; sourceTree = "<group>"; };
		3552EFEC1C0D64B60097D50B /* CZLuckyController.m */ = {isa = PBXFileReference; fileEncoding = 4; lastKnownFileType = sourcecode.c.objc; path = CZLuckyController.m; sourceTree = "<group>"; };
		3552EFEE1C0D66870097D50B /* CZNavController.h */ = {isa = PBXFileReference; fileEncoding = 4; lastKnownFileType = sourcecode.c.h; path = CZNavController.h; sourceTree = "<group>"; };
		3552EFEF1C0D66870097D50B /* CZNavController.m */ = {isa = PBXFileReference; fileEncoding = 4; lastKnownFileType = sourcecode.c.objc; path = CZNavController.m; sourceTree = "<group>"; };
		3552EFF21C0D8A5C0097D50B /* CZWheelView.xib */ = {isa = PBXFileReference; fileEncoding = 4; lastKnownFileType = file.xib; path = CZWheelView.xib; sourceTree = "<group>"; };
		3552EFF41C0D8A6F0097D50B /* CZWheelView.h */ = {isa = PBXFileReference; fileEncoding = 4; lastKnownFileType = sourcecode.c.h; path = CZWheelView.h; sourceTree = "<group>"; };
		3552EFF51C0D8A6F0097D50B /* CZWheelView.m */ = {isa = PBXFileReference; fileEncoding = 4; lastKnownFileType = sourcecode.c.objc; path = CZWheelView.m; sourceTree = "<group>"; };
		3552EFF71C0D8BFE0097D50B /* CZWheelController.h */ = {isa = PBXFileReference; fileEncoding = 4; lastKnownFileType = sourcecode.c.h; path = CZWheelController.h; sourceTree = "<group>"; };
		3552EFF81C0D8BFE0097D50B /* CZWheelController.m */ = {isa = PBXFileReference; fileEncoding = 4; lastKnownFileType = sourcecode.c.objc; path = CZWheelController.m; sourceTree = "<group>"; };
		355C52BD1C0BF97B007468AF /* CZGroupBuyController.h */ = {isa = PBXFileReference; fileEncoding = 4; lastKnownFileType = sourcecode.c.h; path = CZGroupBuyController.h; sourceTree = "<group>"; };
		355C52BE1C0BF97B007468AF /* CZGroupBuyController.m */ = {isa = PBXFileReference; fileEncoding = 4; lastKnownFileType = sourcecode.c.objc; path = CZGroupBuyController.m; sourceTree = "<group>"; };
		356B170C1C06B015003AEF36 /* A01-CZ彩票.app */ = {isa = PBXFileReference; explicitFileType = wrapper.application; includeInIndex = 0; path = "A01-CZ彩票.app"; sourceTree = BUILT_PRODUCTS_DIR; };
		356B17101C06B015003AEF36 /* main.m */ = {isa = PBXFileReference; lastKnownFileType = sourcecode.c.objc; path = main.m; sourceTree = "<group>"; };
		356B17121C06B015003AEF36 /* AppDelegate.h */ = {isa = PBXFileReference; lastKnownFileType = sourcecode.c.h; name = AppDelegate.h; path = ../../AppDelegate.h; sourceTree = "<group>"; };
		356B17131C06B015003AEF36 /* AppDelegate.m */ = {isa = PBXFileReference; lastKnownFileType = sourcecode.c.objc; name = AppDelegate.m; path = ../../AppDelegate.m; sourceTree = "<group>"; };
		356B171B1C06B015003AEF36 /* Assets.xcassets */ = {isa = PBXFileReference; lastKnownFileType = folder.assetcatalog; path = Assets.xcassets; sourceTree = "<group>"; };
		356B171E1C06B015003AEF36 /* Base */ = {isa = PBXFileReference; lastKnownFileType = file.storyboard; name = Base; path = Base.lproj/LaunchScreen.storyboard; sourceTree = "<group>"; };
		356B17201C06B015003AEF36 /* Info.plist */ = {isa = PBXFileReference; lastKnownFileType = text.plist.xml; path = Info.plist; sourceTree = "<group>"; };
		356B17251C06B015003AEF36 /* A01-CZ彩票Tests.xctest */ = {isa = PBXFileReference; explicitFileType = wrapper.cfbundle; includeInIndex = 0; path = "A01-CZ彩票Tests.xctest"; sourceTree = BUILT_PRODUCTS_DIR; };
		356B17291C06B015003AEF36 /* A01_CZ__Tests.m */ = {isa = PBXFileReference; lastKnownFileType = sourcecode.c.objc; path = A01_CZ__Tests.m; sourceTree = "<group>"; };
		356B172B1C06B015003AEF36 /* Info.plist */ = {isa = PBXFileReference; lastKnownFileType = text.plist.xml; path = Info.plist; sourceTree = "<group>"; };
		356B17301C06B015003AEF36 /* A01-CZ彩票UITests.xctest */ = {isa = PBXFileReference; explicitFileType = wrapper.cfbundle; includeInIndex = 0; path = "A01-CZ彩票UITests.xctest"; sourceTree = BUILT_PRODUCTS_DIR; };
		356B17341C06B015003AEF36 /* A01_CZ__UITests.m */ = {isa = PBXFileReference; lastKnownFileType = sourcecode.c.objc; path = A01_CZ__UITests.m; sourceTree = "<group>"; };
		356B17361C06B015003AEF36 /* Info.plist */ = {isa = PBXFileReference; lastKnownFileType = text.plist.xml; path = Info.plist; sourceTree = "<group>"; };
		356B17421C06B37F003AEF36 /* Images.xcassets */ = {isa = PBXFileReference; lastKnownFileType = folder.assetcatalog; path = Images.xcassets; sourceTree = "<group>"; };
		35C573071C06EEDB00B0207F /* UIImage+Ex.h */ = {isa = PBXFileReference; fileEncoding = 4; lastKnownFileType = sourcecode.c.h; path = "UIImage+Ex.h"; sourceTree = "<group>"; };
		35C573081C06EEDB00B0207F /* UIImage+Ex.m */ = {isa = PBXFileReference; fileEncoding = 4; lastKnownFileType = sourcecode.c.objc; path = "UIImage+Ex.m"; sourceTree = "<group>"; };
		35C5730F1C06F35400B0207F /* CZTabBarController.h */ = {isa = PBXFileReference; fileEncoding = 4; lastKnownFileType = sourcecode.c.h; path = CZTabBarController.h; sourceTree = "<group>"; };
		35C573101C06F35400B0207F /* CZTabBarController.m */ = {isa = PBXFileReference; fileEncoding = 4; lastKnownFileType = sourcecode.c.objc; path = CZTabBarController.m; sourceTree = "<group>"; };
		35C573121C06F68100B0207F /* CZTabBar.h */ = {isa = PBXFileReference; fileEncoding = 4; lastKnownFileType = sourcecode.c.h; path = CZTabBar.h; sourceTree = "<group>"; };
		35C573131C06F68100B0207F /* CZTabBar.m */ = {isa = PBXFileReference; fileEncoding = 4; lastKnownFileType = sourcecode.c.objc; path = CZTabBar.m; sourceTree = "<group>"; };
		35C573151C06FF0600B0207F /* UIView+Ex.h */ = {isa = PBXFileReference; fileEncoding = 4; lastKnownFileType = sourcecode.c.h; path = "UIView+Ex.h"; sourceTree = "<group>"; };
		35C573161C06FF0600B0207F /* UIView+Ex.m */ = {isa = PBXFileReference; fileEncoding = 4; lastKnownFileType = sourcecode.c.objc; path = "UIView+Ex.m"; sourceTree = "<group>"; };
/* End PBXFileReference section */

/* Begin PBXFrameworksBuildPhase section */
		356B17091C06B015003AEF36 /* Frameworks */ = {
			isa = PBXFrameworksBuildPhase;
			buildActionMask = 2147483647;
			files = (
			);
			runOnlyForDeploymentPostprocessing = 0;
		};
		356B17221C06B015003AEF36 /* Frameworks */ = {
			isa = PBXFrameworksBuildPhase;
			buildActionMask = 2147483647;
			files = (
			);
			runOnlyForDeploymentPostprocessing = 0;
		};
		356B172D1C06B015003AEF36 /* Frameworks */ = {
			isa = PBXFrameworksBuildPhase;
			buildActionMask = 2147483647;
			files = (
			);
			runOnlyForDeploymentPostprocessing = 0;
		};
/* End PBXFrameworksBuildPhase section */

/* Begin PBXGroup section */
		3536B3DF1C06C8F50051C27D /* Classes */ = {
			isa = PBXGroup;
			children = (
				35C5730B1C06F32E00B0207F /* Main */,
				3536B3EC1C06C90A0051C27D /* LotteryHall(购彩大厅) */,
				3536B3E01C06C90A0051C27D /* Arena(竞技场) */,
				3536B3E41C06C90A0051C27D /* Discovery(发现) */,
				3536B3E81C06C90A0051C27D /* History(开奖信息) */,
				3536B3F01C06C90A0051C27D /* MyLottery(我的彩票) */,
				3536B3F41C06C90A0051C27D /* Others */,
			);
			name = Classes;
			sourceTree = "<group>";
		};
		3536B3E01C06C90A0051C27D /* Arena(竞技场) */ = {
			isa = PBXGroup;
			children = (
				3536B3E11C06C90A0051C27D /* Controller */,
				3536B3E21C06C90A0051C27D /* Model */,
				3536B3E31C06C90A0051C27D /* View */,
			);
			name = "Arena(竞技场)";
			path = "Classes/Arena(竞技场)";
			sourceTree = "<group>";
		};
		3536B3E11C06C90A0051C27D /* Controller */ = {
			isa = PBXGroup;
			children = (
				3523816A1C084539003D9021 /* CZArenaController.h */,
				3523816B1C084539003D9021 /* CZArenaController.m */,
			);
			path = Controller;
			sourceTree = "<group>";
		};
		3536B3E21C06C90A0051C27D /* Model */ = {
			isa = PBXGroup;
			children = (
			);
			path = Model;
			sourceTree = "<group>";
		};
		3536B3E31C06C90A0051C27D /* View */ = {
			isa = PBXGroup;
			children = (
				3536B3FC1C06CE730051C27D /* Arena.storyboard */,
				3523816D1C084608003D9021 /* CZArenaView.h */,
				3523816E1C084608003D9021 /* CZArenaView.m */,
			);
			path = View;
			sourceTree = "<group>";
		};
		3536B3E41C06C90A0051C27D /* Discovery(发现) */ = {
			isa = PBXGroup;
			children = (
				3536B3E51C06C90A0051C27D /* Controller */,
				3536B3E61C06C90A0051C27D /* Model */,
				3536B3E71C06C90A0051C27D /* View */,
			);
			name = "Discovery(发现)";
			path = Classes/Discovery;
			sourceTree = "<group>";
		};
		3536B3E51C06C90A0051C27D /* Controller */ = {
			isa = PBXGroup;
			children = (
				350652DC1C0BEDA8004478DF /* CZDiscoveryController.h */,
				350652DD1C0BEDA8004478DF /* CZDiscoveryController.m */,
				355C52BD1C0BF97B007468AF /* CZGroupBuyController.h */,
				355C52BE1C0BF97B007468AF /* CZGroupBuyController.m */,
				3552EFEB1C0D64B60097D50B /* CZLuckyController.h */,
				3552EFEC1C0D64B60097D50B /* CZLuckyController.m */,
				3552EFF71C0D8BFE0097D50B /* CZWheelController.h */,
				3552EFF81C0D8BFE0097D50B /* CZWheelController.m */,
			);
			path = Controller;
			sourceTree = "<group>";
		};
		3536B3E61C06C90A0051C27D /* Model */ = {
			isa = PBXGroup;
			children = (
			);
			path = Model;
			sourceTree = "<group>";
		};
		3536B3E71C06C90A0051C27D /* View */ = {
			isa = PBXGroup;
			children = (
				3552EFF11C0D8A1E0097D50B /* Lucky */,
				3536B3FE1C06CF890051C27D /* Discovery.storyboard */,
				352AB21D1C0C4766002D3446 /* CZTitleButton.h */,
				352AB21E1C0C4766002D3446 /* CZTitleButton.m */,
			);
			path = View;
			sourceTree = "<group>";
		};
		3536B3E81C06C90A0051C27D /* History(开奖信息) */ = {
			isa = PBXGroup;
			children = (
				3536B3E91C06C90A0051C27D /* Controller */,
				3536B3EA1C06C90A0051C27D /* Model */,
				3536B3EB1C06C90A0051C27D /* View */,
			);
			name = "History(开奖信息)";
			path = Classes/History;
			sourceTree = "<group>";
		};
		3536B3E91C06C90A0051C27D /* Controller */ = {
			isa = PBXGroup;
			children = (
			);
			path = Controller;
			sourceTree = "<group>";
		};
		3536B3EA1C06C90A0051C27D /* Model */ = {
			isa = PBXGroup;
			children = (
			);
			path = Model;
			sourceTree = "<group>";
		};
		3536B3EB1C06C90A0051C27D /* View */ = {
			isa = PBXGroup;
			children = (
				3536B4001C06D3410051C27D /* History.storyboard */,
			);
			path = View;
			sourceTree = "<group>";
		};
		3536B3EC1C06C90A0051C27D /* LotteryHall(购彩大厅) */ = {
			isa = PBXGroup;
			children = (
				3536B3ED1C06C90A0051C27D /* Controller */,
				3536B3EE1C06C90A0051C27D /* Model */,
				3536B3EF1C06C90A0051C27D /* View */,
			);
			name = "LotteryHall(购彩大厅)";
			path = Classes/LotteryHall;
			sourceTree = "<group>";
		};
		3536B3ED1C06C90A0051C27D /* Controller */ = {
			isa = PBXGroup;
			children = (
				3536B3F91C06CC320051C27D /* CZLotteryHallController.h */,
				3536B3FA1C06CC320051C27D /* CZLotteryHallController.m */,
			);
			path = Controller;
			sourceTree = "<group>";
		};
		3536B3EE1C06C90A0051C27D /* Model */ = {
			isa = PBXGroup;
			children = (
			);
			path = Model;
			sourceTree = "<group>";
		};
		3536B3EF1C06C90A0051C27D /* View */ = {
			isa = PBXGroup;
			children = (
				3536B3F51C06CABA0051C27D /* LotteryHall.storyboard */,
			);
			path = View;
			sourceTree = "<group>";
		};
		3536B3F01C06C90A0051C27D /* MyLottery(我的彩票) */ = {
			isa = PBXGroup;
			children = (
				3549293A1C0EC2F000C93DF8 /* Settings(设置) */,
				3536B3F11C06C90A0051C27D /* Controller */,
				3536B3F21C06C90A0051C27D /* Model */,
				3536B3F31C06C90A0051C27D /* View */,
			);
			name = "MyLottery(我的彩票)";
			path = Classes/MyLottery;
			sourceTree = "<group>";
		};
		3536B3F11C06C90A0051C27D /* Controller */ = {
			isa = PBXGroup;
			children = (
				354929341C0EBA3D00C93DF8 /* CZMyLotterController.h */,
				354929351C0EBA3D00C93DF8 /* CZMyLotterController.m */,
				354929371C0EBCE200C93DF8 /* CZLoginController.h */,
				354929381C0EBCE200C93DF8 /* CZLoginController.m */,
			);
			path = Controller;
			sourceTree = "<group>";
		};
		3536B3F21C06C90A0051C27D /* Model */ = {
			isa = PBXGroup;
			children = (
			);
			path = Model;
			sourceTree = "<group>";
		};
		3536B3F31C06C90A0051C27D /* View */ = {
			isa = PBXGroup;
			children = (
				3536B4021C06D3880051C27D /* MyLottery.storyboard */,
			);
			path = View;
			sourceTree = "<group>";
		};
		3536B3F41C06C90A0051C27D /* Others */ = {
			isa = PBXGroup;
			children = (
				35C5730A1C06EEDF00B0207F /* Extension */,
				356B17121C06B015003AEF36 /* AppDelegate.h */,
				356B17131C06B015003AEF36 /* AppDelegate.m */,
			);
			name = Others;
			path = Classes/Others;
			sourceTree = "<group>";
		};
		3549293A1C0EC2F000C93DF8 /* Settings(设置) */ = {
			isa = PBXGroup;
			children = (
				3549293D1C0EC30800C93DF8 /* Controller */,
				3549293C1C0EC30100C93DF8 /* Model */,
				3549293B1C0EC2FA00C93DF8 /* View */,
			);
			name = "Settings(设置)";
			sourceTree = "<group>";
		};
		3549293B1C0EC2FA00C93DF8 /* View */ = {
			isa = PBXGroup;
			children = (
				354ADB7D1C1028F7008B90BE /* CZItemCell.h */,
				354ADB7E1C1028F7008B90BE /* CZItemCell.m */,
			);
			name = View;
			sourceTree = "<group>";
		};
		3549293C1C0EC30100C93DF8 /* Model */ = {
			isa = PBXGroup;
			children = (
				354929411C0ED56A00C93DF8 /* CZGroup.h */,
				354929421C0ED56A00C93DF8 /* CZGroup.m */,
				354929441C0ED57400C93DF8 /* CZItem.h */,
				354929451C0ED57400C93DF8 /* CZItem.m */,
				354ADB741C0FD63D008B90BE /* CZItemArrow.h */,
				354ADB751C0FD63D008B90BE /* CZItemArrow.m */,
				354ADB771C0FD657008B90BE /* CZItemSwitch.h */,
				354ADB781C0FD657008B90BE /* CZItemSwitch.m */,
			);
			name = Model;
			sourceTree = "<group>";
		};
		3549293D1C0EC30800C93DF8 /* Controller */ = {
			isa = PBXGroup;
			children = (
				3549293E1C0EC33E00C93DF8 /* CZSettingsController.h */,
				3549293F1C0EC33E00C93DF8 /* CZSettingsController.m */,
				354ADB7A1C0FDA40008B90BE /* CZRedeemCodeController.h */,
				354ADB7B1C0FDA40008B90BE /* CZRedeemCodeController.m */,
				354ADB801C103150008B90BE /* CZMorePushController.h */,
				354ADB811C103150008B90BE /* CZMorePushController.m */,
			);
			name = Controller;
			sourceTree = "<group>";
		};
		3552EFF11C0D8A1E0097D50B /* Lucky */ = {
			isa = PBXGroup;
			children = (
				3552EFF21C0D8A5C0097D50B /* CZWheelView.xib */,
				3552EFF41C0D8A6F0097D50B /* CZWheelView.h */,
				3552EFF51C0D8A6F0097D50B /* CZWheelView.m */,
				354929311C0E852900C93DF8 /* CZWheelButton.h */,
				354929321C0E852900C93DF8 /* CZWheelButton.m */,
			);
			name = Lucky;
			sourceTree = "<group>";
		};
		356B17031C06B015003AEF36 = {
			isa = PBXGroup;
			children = (
				356B170E1C06B015003AEF36 /* A01-CZ彩票 */,
				356B17281C06B015003AEF36 /* A01-CZ彩票Tests */,
				356B17331C06B015003AEF36 /* A01-CZ彩票UITests */,
				356B170D1C06B015003AEF36 /* Products */,
			);
			sourceTree = "<group>";
		};
		356B170D1C06B015003AEF36 /* Products */ = {
			isa = PBXGroup;
			children = (
				356B170C1C06B015003AEF36 /* A01-CZ彩票.app */,
				356B17251C06B015003AEF36 /* A01-CZ彩票Tests.xctest */,
				356B17301C06B015003AEF36 /* A01-CZ彩票UITests.xctest */,
			);
			name = Products;
			sourceTree = "<group>";
		};
		356B170E1C06B015003AEF36 /* A01-CZ彩票 */ = {
			isa = PBXGroup;
			children = (
				3536B3DF1C06C8F50051C27D /* Classes */,
				356B170F1C06B015003AEF36 /* Supporting Files */,
				3536B3F71C06CB2E0051C27D /* 笔记 */,
			);
			path = "A01-CZ彩票";
			sourceTree = "<group>";
		};
		356B170F1C06B015003AEF36 /* Supporting Files */ = {
			isa = PBXGroup;
			children = (
				356B171B1C06B015003AEF36 /* Assets.xcassets */,
				356B171D1C06B015003AEF36 /* LaunchScreen.storyboard */,
				356B17201C06B015003AEF36 /* Info.plist */,
				356B17421C06B37F003AEF36 /* Images.xcassets */,
				356B17101C06B015003AEF36 /* main.m */,
			);
			name = "Supporting Files";
			sourceTree = "<group>";
		};
		356B17281C06B015003AEF36 /* A01-CZ彩票Tests */ = {
			isa = PBXGroup;
			children = (
				356B17291C06B015003AEF36 /* A01_CZ__Tests.m */,
				356B172B1C06B015003AEF36 /* Info.plist */,
			);
			path = "A01-CZ彩票Tests";
			sourceTree = "<group>";
		};
		356B17331C06B015003AEF36 /* A01-CZ彩票UITests */ = {
			isa = PBXGroup;
			children = (
				356B17341C06B015003AEF36 /* A01_CZ__UITests.m */,
				356B17361C06B015003AEF36 /* Info.plist */,
			);
			path = "A01-CZ彩票UITests";
			sourceTree = "<group>";
		};
		35C5730A1C06EEDF00B0207F /* Extension */ = {
			isa = PBXGroup;
			children = (
				35C573071C06EEDB00B0207F /* UIImage+Ex.h */,
				35C573081C06EEDB00B0207F /* UIImage+Ex.m */,
				35C573151C06FF0600B0207F /* UIView+Ex.h */,
				35C573161C06FF0600B0207F /* UIView+Ex.m */,
			);
			name = Extension;
			sourceTree = "<group>";
		};
		35C5730B1C06F32E00B0207F /* Main */ = {
			isa = PBXGroup;
			children = (
				35C5730C1C06F32E00B0207F /* Controller */,
				35C5730D1C06F32E00B0207F /* Model */,
				35C5730E1C06F32E00B0207F /* View */,
			);
			name = Main;
			path = Classes/Main;
			sourceTree = "<group>";
		};
		35C5730C1C06F32E00B0207F /* Controller */ = {
			isa = PBXGroup;
			children = (
				35C5730F1C06F35400B0207F /* CZTabBarController.h */,
				35C573101C06F35400B0207F /* CZTabBarController.m */,
				3552EFEE1C0D66870097D50B /* CZNavController.h */,
				3552EFEF1C0D66870097D50B /* CZNavController.m */,
			);
			path = Controller;
			sourceTree = "<group>";
		};
		35C5730D1C06F32E00B0207F /* Model */ = {
			isa = PBXGroup;
			children = (
			);
			path = Model;
			sourceTree = "<group>";
		};
		35C5730E1C06F32E00B0207F /* View */ = {
			isa = PBXGroup;
			children = (
				35C573121C06F68100B0207F /* CZTabBar.h */,
				35C573131C06F68100B0207F /* CZTabBar.m */,
				352381621C07F631003D9021 /* CZTabBarButton.h */,
				352381631C07F631003D9021 /* CZTabBarButton.m */,
			);
			path = View;
			sourceTree = "<group>";
		};
/* End PBXGroup section */

/* Begin PBXNativeTarget section */
		356B170B1C06B015003AEF36 /* A01-CZ彩票 */ = {
			isa = PBXNativeTarget;
			buildConfigurationList = 356B17391C06B015003AEF36 /* Build configuration list for PBXNativeTarget "A01-CZ彩票" */;
			buildPhases = (
				356B17081C06B015003AEF36 /* Sources */,
				356B17091C06B015003AEF36 /* Frameworks */,
				356B170A1C06B015003AEF36 /* Resources */,
			);
			buildRules = (
			);
			dependencies = (
			);
			name = "A01-CZ彩票";
			productName = "A01-CZ彩票";
			productReference = 356B170C1C06B015003AEF36 /* A01-CZ彩票.app */;
			productType = "com.apple.product-type.application";
		};
		356B17241C06B015003AEF36 /* A01-CZ彩票Tests */ = {
			isa = PBXNativeTarget;
			buildConfigurationList = 356B173C1C06B015003AEF36 /* Build configuration list for PBXNativeTarget "A01-CZ彩票Tests" */;
			buildPhases = (
				356B17211C06B015003AEF36 /* Sources */,
				356B17221C06B015003AEF36 /* Frameworks */,
				356B17231C06B015003AEF36 /* Resources */,
			);
			buildRules = (
			);
			dependencies = (
				356B17271C06B015003AEF36 /* PBXTargetDependency */,
			);
			name = "A01-CZ彩票Tests";
			productName = "A01-CZ彩票Tests";
			productReference = 356B17251C06B015003AEF36 /* A01-CZ彩票Tests.xctest */;
			productType = "com.apple.product-type.bundle.unit-test";
		};
		356B172F1C06B015003AEF36 /* A01-CZ彩票UITests */ = {
			isa = PBXNativeTarget;
			buildConfigurationList = 356B173F1C06B015003AEF36 /* Build configuration list for PBXNativeTarget "A01-CZ彩票UITests" */;
			buildPhases = (
				356B172C1C06B015003AEF36 /* Sources */,
				356B172D1C06B015003AEF36 /* Frameworks */,
				356B172E1C06B015003AEF36 /* Resources */,
			);
			buildRules = (
			);
			dependencies = (
				356B17321C06B015003AEF36 /* PBXTargetDependency */,
			);
			name = "A01-CZ彩票UITests";
			productName = "A01-CZ彩票UITests";
			productReference = 356B17301C06B015003AEF36 /* A01-CZ彩票UITests.xctest */;
			productType = "com.apple.product-type.bundle.ui-testing";
		};
/* End PBXNativeTarget section */

/* Begin PBXProject section */
		356B17041C06B015003AEF36 /* Project object */ = {
			isa = PBXProject;
			attributes = {
				CLASSPREFIX = CZ;
				LastUpgradeCheck = 0710;
				ORGANIZATIONNAME = "何建新";
				TargetAttributes = {
					356B170B1C06B015003AEF36 = {
						CreatedOnToolsVersion = 7.1.1;
						DevelopmentTeam = SXAMGGC2DK;
					};
					356B17241C06B015003AEF36 = {
						CreatedOnToolsVersion = 7.1.1;
						DevelopmentTeam = SXAMGGC2DK;
						TestTargetID = 356B170B1C06B015003AEF36;
					};
					356B172F1C06B015003AEF36 = {
						CreatedOnToolsVersion = 7.1.1;
						DevelopmentTeam = SXAMGGC2DK;
						TestTargetID = 356B170B1C06B015003AEF36;
					};
				};
			};
			buildConfigurationList = 356B17071C06B015003AEF36 /* Build configuration list for PBXProject "A01-CZ彩票" */;
			compatibilityVersion = "Xcode 3.2";
			developmentRegion = English;
			hasScannedForEncodings = 0;
			knownRegions = (
				en,
				Base,
			);
			mainGroup = 356B17031C06B015003AEF36;
			productRefGroup = 356B170D1C06B015003AEF36 /* Products */;
			projectDirPath = "";
			projectRoot = "";
			targets = (
				356B170B1C06B015003AEF36 /* A01-CZ彩票 */,
				356B17241C06B015003AEF36 /* A01-CZ彩票Tests */,
				356B172F1C06B015003AEF36 /* A01-CZ彩票UITests */,
			);
		};
/* End PBXProject section */

/* Begin PBXResourcesBuildPhase section */
		356B170A1C06B015003AEF36 /* Resources */ = {
			isa = PBXResourcesBuildPhase;
			buildActionMask = 2147483647;
			files = (
				3536B3FF1C06CF890051C27D /* Discovery.storyboard in Resources */,
				3536B4031C06D3880051C27D /* MyLottery.storyboard in Resources */,
				3536B3FD1C06CE730051C27D /* Arena.storyboard in Resources */,
				3536B3F81C06CB2E0051C27D /* 笔记 in Resources */,
				3536B4011C06D3410051C27D /* History.storyboard in Resources */,
				356B171F1C06B015003AEF36 /* LaunchScreen.storyboard in Resources */,
				3536B3F61C06CABA0051C27D /* LotteryHall.storyboard in Resources */,
				3552EFF31C0D8A5C0097D50B /* CZWheelView.xib in Resources */,
				356B17431C06B37F003AEF36 /* Images.xcassets in Resources */,
				356B171C1C06B015003AEF36 /* Assets.xcassets in Resources */,
			);
			runOnlyForDeploymentPostprocessing = 0;
		};
		356B17231C06B015003AEF36 /* Resources */ = {
			isa = PBXResourcesBuildPhase;
			buildActionMask = 2147483647;
			files = (
			);
			runOnlyForDeploymentPostprocessing = 0;
		};
		356B172E1C06B015003AEF36 /* Resources */ = {
			isa = PBXResourcesBuildPhase;
			buildActionMask = 2147483647;
			files = (
			);
			runOnlyForDeploymentPostprocessing = 0;
		};
/* End PBXResourcesBuildPhase section */

/* Begin PBXSourcesBuildPhase section */
		356B17081C06B015003AEF36 /* Sources */ = {
			isa = PBXSourcesBuildPhase;
			buildActionMask = 2147483647;
			files = (
				352381641C07F631003D9021 /* CZTabBarButton.m in Sources */,
				35C573141C06F68100B0207F /* CZTabBar.m in Sources */,
				354929401C0EC33E00C93DF8 /* CZSettingsController.m in Sources */,
				35C573111C06F35400B0207F /* CZTabBarController.m in Sources */,
				3552EFF01C0D66870097D50B /* CZNavController.m in Sources */,
				3523816C1C084539003D9021 /* CZArenaController.m in Sources */,
				3552EFF61C0D8A6F0097D50B /* CZWheelView.m in Sources */,
				354ADB761C0FD63D008B90BE /* CZItemArrow.m in Sources */,
				35C573091C06EEDB00B0207F /* UIImage+Ex.m in Sources */,
				354ADB791C0FD657008B90BE /* CZItemSwitch.m in Sources */,
				354ADB7F1C1028F7008B90BE /* CZItemCell.m in Sources */,
				3552EFF91C0D8BFE0097D50B /* CZWheelController.m in Sources */,
				3552EFED1C0D64B60097D50B /* CZLuckyController.m in Sources */,
				356B17141C06B015003AEF36 /* AppDelegate.m in Sources */,
				354929331C0E852900C93DF8 /* CZWheelButton.m in Sources */,
				354929361C0EBA3D00C93DF8 /* CZMyLotterController.m in Sources */,
				350652DE1C0BEDA8004478DF /* CZDiscoveryController.m in Sources */,
				352AB21F1C0C4766002D3446 /* CZTitleButton.m in Sources */,
				354ADB7C1C0FDA40008B90BE /* CZRedeemCodeController.m in Sources */,
				356B17111C06B015003AEF36 /* main.m in Sources */,
				354929461C0ED57400C93DF8 /* CZItem.m in Sources */,
				354ADB821C103150008B90BE /* CZMorePushController.m in Sources */,
				35C573171C06FF0600B0207F /* UIView+Ex.m in Sources */,
				354929391C0EBCE200C93DF8 /* CZLoginController.m in Sources */,
				354929431C0ED56A00C93DF8 /* CZGroup.m in Sources */,
				3536B3FB1C06CC320051C27D /* CZLotteryHallController.m in Sources */,
				3523816F1C084608003D9021 /* CZArenaView.m in Sources */,
				355C52BF1C0BF97B007468AF /* CZGroupBuyController.m in Sources */,
			);
			runOnlyForDeploymentPostprocessing = 0;
		};
		356B17211C06B015003AEF36 /* Sources */ = {
			isa = PBXSourcesBuildPhase;
			buildActionMask = 2147483647;
			files = (
				356B172A1C06B015003AEF36 /* A01_CZ__Tests.m in Sources */,
			);
			runOnlyForDeploymentPostprocessing = 0;
		};
		356B172C1C06B015003AEF36 /* Sources */ = {
			isa = PBXSourcesBuildPhase;
			buildActionMask = 2147483647;
			files = (
				356B17351C06B015003AEF36 /* A01_CZ__UITests.m in Sources */,
			);
			runOnlyForDeploymentPostprocessing = 0;
		};
/* End PBXSourcesBuildPhase section */

/* Begin PBXTargetDependency section */
		356B17271C06B015003AEF36 /* PBXTargetDependency */ = {
			isa = PBXTargetDependency;
			target = 356B170B1C06B015003AEF36 /* A01-CZ彩票 */;
			targetProxy = 356B17261C06B015003AEF36 /* PBXContainerItemProxy */;
		};
		356B17321C06B015003AEF36 /* PBXTargetDependency */ = {
			isa = PBXTargetDependency;
			target = 356B170B1C06B015003AEF36 /* A01-CZ彩票 */;
			targetProxy = 356B17311C06B015003AEF36 /* PBXContainerItemProxy */;
		};
/* End PBXTargetDependency section */

/* Begin PBXVariantGroup section */
		356B171D1C06B015003AEF36 /* LaunchScreen.storyboard */ = {
			isa = PBXVariantGroup;
			children = (
				356B171E1C06B015003AEF36 /* Base */,
			);
			name = LaunchScreen.storyboard;
			sourceTree = "<group>";
		};
/* End PBXVariantGroup section */

/* Begin XCBuildConfiguration section */
		356B17371C06B015003AEF36 /* Debug */ = {
			isa = XCBuildConfiguration;
			buildSettings = {
				ALWAYS_SEARCH_USER_PATHS = NO;
				CLANG_CXX_LANGUAGE_STANDARD = "gnu++0x";
				CLANG_CXX_LIBRARY = "libc++";
				CLANG_ENABLE_MODULES = YES;
				CLANG_ENABLE_OBJC_ARC = YES;
				CLANG_WARN_BOOL_CONVERSION = YES;
				CLANG_WARN_CONSTANT_CONVERSION = YES;
				CLANG_WARN_DIRECT_OBJC_ISA_USAGE = YES_ERROR;
				CLANG_WARN_EMPTY_BODY = YES;
				CLANG_WARN_ENUM_CONVERSION = YES;
				CLANG_WARN_INT_CONVERSION = YES;
				CLANG_WARN_OBJC_ROOT_CLASS = YES_ERROR;
				CLANG_WARN_UNREACHABLE_CODE = YES;
				CLANG_WARN__DUPLICATE_METHOD_MATCH = YES;
				"CODE_SIGN_IDENTITY[sdk=iphoneos*]" = "iPhone Developer";
				COPY_PHASE_STRIP = NO;
				DEBUG_INFORMATION_FORMAT = dwarf;
				ENABLE_STRICT_OBJC_MSGSEND = YES;
				ENABLE_TESTABILITY = YES;
				GCC_C_LANGUAGE_STANDARD = gnu99;
				GCC_DYNAMIC_NO_PIC = NO;
				GCC_NO_COMMON_BLOCKS = YES;
				GCC_OPTIMIZATION_LEVEL = 0;
				GCC_PREPROCESSOR_DEFINITIONS = (
					"DEBUG=1",
					"$(inherited)",
				);
				GCC_WARN_64_TO_32_BIT_CONVERSION = YES;
				GCC_WARN_ABOUT_RETURN_TYPE = YES_ERROR;
				GCC_WARN_UNDECLARED_SELECTOR = YES;
				GCC_WARN_UNINITIALIZED_AUTOS = YES_AGGRESSIVE;
				GCC_WARN_UNUSED_FUNCTION = YES;
				GCC_WARN_UNUSED_VARIABLE = YES;
				IPHONEOS_DEPLOYMENT_TARGET = 9.1;
				MTL_ENABLE_DEBUG_INFO = YES;
				ONLY_ACTIVE_ARCH = YES;
				SDKROOT = iphoneos;
				TARGETED_DEVICE_FAMILY = "1,2";
			};
			name = Debug;
		};
		356B17381C06B015003AEF36 /* Release */ = {
			isa = XCBuildConfiguration;
			buildSettings = {
				ALWAYS_SEARCH_USER_PATHS = NO;
				CLANG_CXX_LANGUAGE_STANDARD = "gnu++0x";
				CLANG_CXX_LIBRARY = "libc++";
				CLANG_ENABLE_MODULES = YES;
				CLANG_ENABLE_OBJC_ARC = YES;
				CLANG_WARN_BOOL_CONVERSION = YES;
				CLANG_WARN_CONSTANT_CONVERSION = YES;
				CLANG_WARN_DIRECT_OBJC_ISA_USAGE = YES_ERROR;
				CLANG_WARN_EMPTY_BODY = YES;
				CLANG_WARN_ENUM_CONVERSION = YES;
				CLANG_WARN_INT_CONVERSION = YES;
				CLANG_WARN_OBJC_ROOT_CLASS = YES_ERROR;
				CLANG_WARN_UNREACHABLE_CODE = YES;
				CLANG_WARN__DUPLICATE_METHOD_MATCH = YES;
				"CODE_SIGN_IDENTITY[sdk=iphoneos*]" = "iPhone Developer";
				COPY_PHASE_STRIP = NO;
				DEBUG_INFORMATION_FORMAT = "dwarf-with-dsym";
				ENABLE_NS_ASSERTIONS = NO;
				ENABLE_STRICT_OBJC_MSGSEND = YES;
				GCC_C_LANGUAGE_STANDARD = gnu99;
				GCC_NO_COMMON_BLOCKS = YES;
				GCC_WARN_64_TO_32_BIT_CONVERSION = YES;
				GCC_WARN_ABOUT_RETURN_TYPE = YES_ERROR;
				GCC_WARN_UNDECLARED_SELECTOR = YES;
				GCC_WARN_UNINITIALIZED_AUTOS = YES_AGGRESSIVE;
				GCC_WARN_UNUSED_FUNCTION = YES;
				GCC_WARN_UNUSED_VARIABLE = YES;
				IPHONEOS_DEPLOYMENT_TARGET = 9.1;
				MTL_ENABLE_DEBUG_INFO = NO;
				SDKROOT = iphoneos;
				TARGETED_DEVICE_FAMILY = "1,2";
				VALIDATE_PRODUCT = YES;
			};
			name = Release;
		};
		356B173A1C06B015003AEF36 /* Debug */ = {
			isa = XCBuildConfiguration;
			buildSettings = {
				ASSETCATALOG_COMPILER_APPICON_NAME = AppIcon;
				ASSETCATALOG_COMPILER_LAUNCHIMAGE_NAME = "Brand Assets";
				INFOPLIST_FILE = "A01-CZ彩票/Info.plist";
				LD_RUNPATH_SEARCH_PATHS = "$(inherited) @executable_path/Frameworks";
				PRODUCT_BUNDLE_IDENTIFIER = "net.eicp.yiyuanyan.A01-CZ--";
				PRODUCT_NAME = "$(TARGET_NAME)";
				TARGETED_DEVICE_FAMILY = 1;
			};
			name = Debug;
		};
		356B173B1C06B015003AEF36 /* Release */ = {
			isa = XCBuildConfiguration;
			buildSettings = {
				ASSETCATALOG_COMPILER_APPICON_NAME = AppIcon;
				ASSETCATALOG_COMPILER_LAUNCHIMAGE_NAME = "Brand Assets";
				INFOPLIST_FILE = "A01-CZ彩票/Info.plist";
				LD_RUNPATH_SEARCH_PATHS = "$(inherited) @executable_path/Frameworks";
				PRODUCT_BUNDLE_IDENTIFIER = "net.eicp.yiyuanyan.A01-CZ--";
				PRODUCT_NAME = "$(TARGET_NAME)";
				TARGETED_DEVICE_FAMILY = 1;
			};
			name = Release;
		};
		356B173D1C06B015003AEF36 /* Debug */ = {
			isa = XCBuildConfiguration;
			buildSettings = {
				BUNDLE_LOADER = "$(TEST_HOST)";
				INFOPLIST_FILE = "A01-CZ彩票Tests/Info.plist";
				LD_RUNPATH_SEARCH_PATHS = "$(inherited) @executable_path/Frameworks @loader_path/Frameworks";
				PRODUCT_BUNDLE_IDENTIFIER = "net.eicp.yiyuanyan.A01-CZ--Tests";
				PRODUCT_NAME = "$(TARGET_NAME)";
				TEST_HOST = "$(BUILT_PRODUCTS_DIR)/A01-CZ彩票.app/A01-CZ彩票";
			};
			name = Debug;
		};
		356B173E1C06B015003AEF36 /* Release */ = {
			isa = XCBuildConfiguration;
			buildSettings = {
				BUNDLE_LOADER = "$(TEST_HOST)";
				INFOPLIST_FILE = "A01-CZ彩票Tests/Info.plist";
				LD_RUNPATH_SEARCH_PATHS = "$(inherited) @executable_path/Frameworks @loader_path/Frameworks";
				PRODUCT_BUNDLE_IDENTIFIER = "net.eicp.yiyuanyan.A01-CZ--Tests";
				PRODUCT_NAME = "$(TARGET_NAME)";
				TEST_HOST = "$(BUILT_PRODUCTS_DIR)/A01-CZ彩票.app/A01-CZ彩票";
			};
			name = Release;
		};
		356B17401C06B015003AEF36 /* Debug */ = {
			isa = XCBuildConfiguration;
			buildSettings = {
				INFOPLIST_FILE = "A01-CZ彩票UITests/Info.plist";
				LD_RUNPATH_SEARCH_PATHS = "$(inherited) @executable_path/Frameworks @loader_path/Frameworks";
				PRODUCT_BUNDLE_IDENTIFIER = "net.eicp.yiyuanyan.A01-CZ--UITests";
				PRODUCT_NAME = "$(TARGET_NAME)";
				TEST_TARGET_NAME = "A01-CZ彩票";
				USES_XCTRUNNER = YES;
			};
			name = Debug;
		};
		356B17411C06B015003AEF36 /* Release */ = {
			isa = XCBuildConfiguration;
			buildSettings = {
				INFOPLIST_FILE = "A01-CZ彩票UITests/Info.plist";
				LD_RUNPATH_SEARCH_PATHS = "$(inherited) @executable_path/Frameworks @loader_path/Frameworks";
				PRODUCT_BUNDLE_IDENTIFIER = "net.eicp.yiyuanyan.A01-CZ--UITests";
				PRODUCT_NAME = "$(TARGET_NAME)";
				TEST_TARGET_NAME = "A01-CZ彩票";
				USES_XCTRUNNER = YES;
			};
			name = Release;
		};
/* End XCBuildConfiguration section */

/* Begin XCConfigurationList section */
		356B17071C06B015003AEF36 /* Build configuration list for PBXProject "A01-CZ彩票" */ = {
			isa = XCConfigurationList;
			buildConfigurations = (
				356B17371C06B015003AEF36 /* Debug */,
				356B17381C06B015003AEF36 /* Release */,
			);
			defaultConfigurationIsVisible = 0;
			defaultConfigurationName = Release;
		};
		356B17391C06B015003AEF36 /* Build configuration list for PBXNativeTarget "A01-CZ彩票" */ = {
			isa = XCConfigurationList;
			buildConfigurations = (
				356B173A1C06B015003AEF36 /* Debug */,
				356B173B1C06B015003AEF36 /* Release */,
			);
			defaultConfigurationIsVisible = 0;
			defaultConfigurationName = Release;
		};
		356B173C1C06B015003AEF36 /* Build configuration list for PBXNativeTarget "A01-CZ彩票Tests" */ = {
			isa = XCConfigurationList;
			buildConfigurations = (
				356B173D1C06B015003AEF36 /* Debug */,
				356B173E1C06B015003AEF36 /* Release */,
			);
			defaultConfigurationIsVisible = 0;
			defaultConfigurationName = Release;
		};
		356B173F1C06B015003AEF36 /* Build configuration list for PBXNativeTarget "A01-CZ彩票UITests" */ = {
			isa = XCConfigurationList;
			buildConfigurations = (
				356B17401C06B015003AEF36 /* Debug */,
				356B17411C06B015003AEF36 /* Release */,
			);
			defaultConfigurationIsVisible = 0;
			defaultConfigurationName = Release;
		};
/* End XCConfigurationList section */
	};
	rootObject = 356B17041C06B015003AEF36 /* Project object */;
}
